
Microsoft Visual Studio Solution File, Format Version 12.00
# Visual Studio 15
VisualStudioVersion = 15.0.28010.2041
MinimumVisualStudioVersion = 10.0.40219.1
Project("{8BC9CEB8-8B4A-11D0-8D11-00A0C91BC942}") = "p19", "p19\p19.vcxproj", "{969A8712-8CBD-4DE2-ABF1-E71C10FFF8B5}"
EndProject
Global
	GlobalSection(SolutionConfigurationPlatforms) = preSolution
		Debug|x64 = Debug|x64
		Debug|x86 = Debug|x86
		Release|x64 = Release|x64
		Release|x86 = Release|x86
	EndGlobalSection
	GlobalSection(ProjectConfigurationPlatforms) = postSolution
		{969A8712-8CBD-4DE2-ABF1-E71C10FFF8B5}.Debug|x64.ActiveCfg = Debug|x64
		{969A8712-8CBD-4DE2-ABF1-E71C10FFF8B5}.Debug|x64.Build.0 = Debug|x64
		{969A8712-8CBD-4DE2-ABF1-E71C10FFF8B5}.Debug|x86.ActiveCfg = Debug|Win32
		{969A8712-8CBD-4DE2-ABF1-E71C10FFF8B5}.Debug|x86.Build.0 = Debug|Win32
		{969A8712-8CBD-4DE2-ABF1-E71C10FFF8B5}.Release|x64.ActiveCfg = Release|x64
		{969A8712-8CBD-4DE2-ABF1-E71C10FFF8B5}.Release|x64.Build.0 = Release|x64
		{969A8712-8CBD-4DE2-ABF1-E71C10FFF8B5}.Release|x86.ActiveCfg = Release|Win32
		{969A8712-8CBD-4DE2-ABF1-E71C10FFF8B5}.Release|x86.Build.0 = Release|Win32
	EndGlobalSection
	GlobalSection(SolutionProperties) = preSolution
		HideSolutionNode = FALSE
	EndGlobalSection
	GlobalSection(ExtensibilityGlobals) = postSolution
		SolutionGuid = {EE8EA879-EF3C-4E30-A584-C958E3255090}
	EndGlobalSection
EndGlobal
